
Microsoft Visual Studio Solution File, Format Version 12.00
# Visual Studio Version 16
VisualStudioVersion = 16.0.30011.22
MinimumVisualStudioVersion = 10.0.40219.1
Project("{2150E333-8FDC-42A3-9474-1A3956D46DE8}") = "src", "src", "{48B8BB33-8D08-483B-A93E-B56804097109}"
EndProject
Project("{9A19103F-16F7-4668-BE54-9A1E7A4F7556}") = "Domain", "src\Domain\Domain.csproj", "{0EB40D1F-D6AD-4164-AAA5-DAEF59CB9EE9}"
EndProject
Project("{9A19103F-16F7-4668-BE54-9A1E7A4F7556}") = "Application", "src\Application\Application.csproj", "{689EA0C4-7E78-4C47-AF12-844D53437E68}"
EndProject
Project("{9A19103F-16F7-4668-BE54-9A1E7A4F7556}") = "Infrastructure", "src\Infrastructure\Infrastructure.csproj", "{7379FD57-479D-46EC-B927-71338C15451E}"
EndProject
Project("{9A19103F-16F7-4668-BE54-9A1E7A4F7556}") = "ConsoleApp.LoadBodies", "src\ConsoleApp.LoadBodies\ConsoleApp.LoadBodies.csproj", "{925F9288-0244-4261-9048-B7E08AE45651}"
EndProject
Project("{9A19103F-16F7-4668-BE54-9A1E7A4F7556}") = "ConsoleApp.LoadSystems", "src\ConsoleApp.LoadSystems\ConsoleApp.LoadSystems.csproj", "{E83C0B11-BAFF-491B-A4A1-3F9196C0B52F}"
EndProject
Project("{9A19103F-16F7-4668-BE54-9A1E7A4F7556}") = "ConsoleApp.GenerateRoute", "src\ConsoleApp.GenerateRoute\ConsoleApp.GenerateRoute.csproj", "{878B9394-7E06-4FD4-A932-04BA7AE11BDA}"
EndProject
Global
	GlobalSection(SolutionConfigurationPlatforms) = preSolution
		Debug|Any CPU = Debug|Any CPU
		Release|Any CPU = Release|Any CPU
	EndGlobalSection
	GlobalSection(ProjectConfigurationPlatforms) = postSolution
		{0EB40D1F-D6AD-4164-AAA5-DAEF59CB9EE9}.Debug|Any CPU.ActiveCfg = Debug|Any CPU
		{0EB40D1F-D6AD-4164-AAA5-DAEF59CB9EE9}.Debug|Any CPU.Build.0 = Debug|Any CPU
		{0EB40D1F-D6AD-4164-AAA5-DAEF59CB9EE9}.Release|Any CPU.ActiveCfg = Release|Any CPU
		{0EB40D1F-D6AD-4164-AAA5-DAEF59CB9EE9}.Release|Any CPU.Build.0 = Release|Any CPU
		{689EA0C4-7E78-4C47-AF12-844D53437E68}.Debug|Any CPU.ActiveCfg = Debug|Any CPU
		{689EA0C4-7E78-4C47-AF12-844D53437E68}.Debug|Any CPU.Build.0 = Debug|Any CPU
		{689EA0C4-7E78-4C47-AF12-844D53437E68}.Release|Any CPU.ActiveCfg = Release|Any CPU
		{689EA0C4-7E78-4C47-AF12-844D53437E68}.Release|Any CPU.Build.0 = Release|Any CPU
		{7379FD57-479D-46EC-B927-71338C15451E}.Debug|Any CPU.ActiveCfg = Debug|Any CPU
		{7379FD57-479D-46EC-B927-71338C15451E}.Debug|Any CPU.Build.0 = Debug|Any CPU
		{7379FD57-479D-46EC-B927-71338C15451E}.Release|Any CPU.ActiveCfg = Release|Any CPU
		{7379FD57-479D-46EC-B927-71338C15451E}.Release|Any CPU.Build.0 = Release|Any CPU
		{925F9288-0244-4261-9048-B7E08AE45651}.Debug|Any CPU.ActiveCfg = Debug|Any CPU
		{925F9288-0244-4261-9048-B7E08AE45651}.Debug|Any CPU.Build.0 = Debug|Any CPU
		{925F9288-0244-4261-9048-B7E08AE45651}.Release|Any CPU.ActiveCfg = Release|Any CPU
		{925F9288-0244-4261-9048-B7E08AE45651}.Release|Any CPU.Build.0 = Release|Any CPU
		{E83C0B11-BAFF-491B-A4A1-3F9196C0B52F}.Debug|Any CPU.ActiveCfg = Debug|Any CPU
		{E83C0B11-BAFF-491B-A4A1-3F9196C0B52F}.Debug|Any CPU.Build.0 = Debug|Any CPU
		{E83C0B11-BAFF-491B-A4A1-3F9196C0B52F}.Release|Any CPU.ActiveCfg = Release|Any CPU
		{E83C0B11-BAFF-491B-A4A1-3F9196C0B52F}.Release|Any CPU.Build.0 = Release|Any CPU
		{878B9394-7E06-4FD4-A932-04BA7AE11BDA}.Debug|Any CPU.ActiveCfg = Debug|Any CPU
		{878B9394-7E06-4FD4-A932-04BA7AE11BDA}.Debug|Any CPU.Build.0 = Debug|Any CPU
		{878B9394-7E06-4FD4-A932-04BA7AE11BDA}.Release|Any CPU.ActiveCfg = Release|Any CPU
		{878B9394-7E06-4FD4-A932-04BA7AE11BDA}.Release|Any CPU.Build.0 = Release|Any CPU
	EndGlobalSection
	GlobalSection(SolutionProperties) = preSolution
		HideSolutionNode = FALSE
	EndGlobalSection
	GlobalSection(NestedProjects) = preSolution
		{0EB40D1F-D6AD-4164-AAA5-DAEF59CB9EE9} = {48B8BB33-8D08-483B-A93E-B56804097109}
		{689EA0C4-7E78-4C47-AF12-844D53437E68} = {48B8BB33-8D08-483B-A93E-B56804097109}
		{7379FD57-479D-46EC-B927-71338C15451E} = {48B8BB33-8D08-483B-A93E-B56804097109}
		{925F9288-0244-4261-9048-B7E08AE45651} = {48B8BB33-8D08-483B-A93E-B56804097109}
		{E83C0B11-BAFF-491B-A4A1-3F9196C0B52F} = {48B8BB33-8D08-483B-A93E-B56804097109}
		{878B9394-7E06-4FD4-A932-04BA7AE11BDA} = {48B8BB33-8D08-483B-A93E-B56804097109}
	EndGlobalSection
	GlobalSection(ExtensibilityGlobals) = postSolution
		SolutionGuid = {7EEC6E35-D638-449D-8BB4-980B47F4253B}
	EndGlobalSection
EndGlobal
